
Microsoft Visual Studio Solution File, Format Version 12.00
# Visual Studio Version 17
VisualStudioVersion = 17.13.35828.75
MinimumVisualStudioVersion = 10.0.40219.1
Project("{FAE04EC0-301F-11D3-BF4B-00C04F79EFBC}") = "Restourant Adisyon", "Restourant Adisyon\Restourant Adisyon.csproj", "{05A613E9-C32C-4BF7-B244-2EFFC46A1672}"
EndProject
Global
	GlobalSection(SolutionConfigurationPlatforms) = preSolution
		Debug|Any CPU = Debug|Any CPU
		Release|Any CPU = Release|Any CPU
	EndGlobalSection
	GlobalSection(ProjectConfigurationPlatforms) = postSolution
		{05A613E9-C32C-4BF7-B244-2EFFC46A1672}.Debug|Any CPU.ActiveCfg = Debug|Any CPU
		{05A613E9-C32C-4BF7-B244-2EFFC46A1672}.Debug|Any CPU.Build.0 = Debug|Any CPU
		{05A613E9-C32C-4BF7-B244-2EFFC46A1672}.Release|Any CPU.ActiveCfg = Release|Any CPU
		{05A613E9-C32C-4BF7-B244-2EFFC46A1672}.Release|Any CPU.Build.0 = Release|Any CPU
	EndGlobalSection
	GlobalSection(SolutionProperties) = preSolution
		HideSolutionNode = FALSE
	EndGlobalSection
	GlobalSection(ExtensibilityGlobals) = postSolution
		SolutionGuid = {A2518818-A204-4E56-9F53-E2AF7533933A}
	EndGlobalSection
EndGlobal
